<?xml version="1.0" encoding="utf-8"?>
<Project ToolsVersion="4.0" xmlns="http://schemas.microsoft.com/developer/msbuild/2003">
  <ItemGroup>
    <Filter Include="ソース ファイル">
      <UniqueIdentifier>{4FC737F1-C7A5-4376-A066-2A32D752A2FF}</UniqueIdentifier>
      <Extensions>cpp;c;cc;cxx;def;odl;idl;hpj;bat;asm;asmx</Extensions>
    </Filter>
    <Filter Include="ヘッダー ファイル">
      <UniqueIdentifier>{93995380-89BD-4b04-88EB-625FBE52EBFB}</UniqueIdentifier>
      <Extensions>h;hh;hpp;hxx;hm;inl;inc;xsd</Extensions>
    </Filter>
    <Filter Include="リソース ファイル">
      <UniqueIdentifier>{67DA6AB6-F800-4c08-8B7A-83BB121AAD01}</UniqueIdentifier>
      <Extensions>rc;ico;cur;bmp;dlg;rc2;rct;bin;rgs;gif;jpg;jpeg;jpe;resx;tiff;tif;png;wav;mfcribbon-ms</Extensions>
    </Filter>
    <Filter Include="helpers">
      <UniqueIdentifier>{54b8857c-969a-4683-aa41-9931daffefb1}</UniqueIdentifier>
    </Filter>
    <Filter Include="externals">
      <UniqueIdentifier>{6b975d4a-e7db-4750-875a-ccaedf220e1c}</UniqueIdentifier>
    </Filter>
    <Filter Include="externals\imgui">
      <UniqueIdentifier>{5765e865-b95d-4b22-9c36-b319c27660f7}</UniqueIdentifier>
    </Filter>
  </ItemGroup>
  <ItemGroup>
    <ClCompile Include="..\..\common\helpers\SampleAppWin.cpp">
      <Filter>helpers</Filter>
    </ClCompile>
    <ClCompile Include="..\..\common\helpers\SampleTarga.cpp">
      <Filter>helpers</Filter>
    </ClCompile>
    <ClCompile Include="..\..\common\helpers\SampleUtil.cpp">
      <Filter>helpers</Filter>
    </ClCompile>
    <ClCompile Include="..\src\gui.cpp">
      <Filter>ソース ファイル</Filter>
    </ClCompile>
    <ClCompile Include="..\src\main.cpp">
      <Filter>ソース ファイル</Filter>
    </ClCompile>
    <ClCompile Include="..\..\common\external\imgui\imgui.cpp">
      <Filter>externals\imgui</Filter>
    </ClCompile>
    <ClCompile Include="..\..\common\external\imgui\imgui_draw.cpp">
      <Filter>externals\imgui</Filter>
    </ClCompile>
  </ItemGroup>
  <ItemGroup>
    <ClInclude Include="..\..\common\helpers\SampleApp.h">
      <Filter>helpers</Filter>
    </ClInclude>
    <ClInclude Include="..\..\common\helpers\SampleMath.h">
      <Filter>helpers</Filter>
    </ClInclude>
    <ClInclude Include="..\..\common\helpers\SampleTarga.h">
      <Filter>helpers</Filter>
    </ClInclude>
    <ClInclude Include="..\..\common\helpers\SampleUtil.h">
      <Filter>helpers</Filter>
    </ClInclude>
    <ClInclude Include="..\src\gui.h">
      <Filter>ヘッダー ファイル</Filter>
    </ClInclude>
    <ClInclude Include="..\..\common\external\imgui\imgui.h">
      <Filter>externals\imgui</Filter>
    </ClInclude>
  </ItemGroup>
</Project>