
Microsoft Visual Studio Solution File, Format Version 12.00
# Visual Studio 15
VisualStudioVersion = 15.0.28010.2016
MinimumVisualStudioVersion = 10.0.40219.1
Project("{8BC9CEB8-8B4A-11D0-8D11-00A0C91BC942}") = "a3d", "a3d.vcxproj", "{7C988A41-DD13-43EC-B344-B83D8CCBF140}"
EndProject
Global
	GlobalSection(SolutionConfigurationPlatforms) = preSolution
		Debug|x64 = Debug|x64
		Release|x64 = Release|x64
	EndGlobalSection
	GlobalSection(ProjectConfigurationPlatforms) = postSolution
		{7C988A41-DD13-43EC-B344-B83D8CCBF140}.Debug|x64.ActiveCfg = Debug|x64
		{7C988A41-DD13-43EC-B344-B83D8CCBF140}.Debug|x64.Build.0 = Debug|x64
		{7C988A41-DD13-43EC-B344-B83D8CCBF140}.Release|x64.ActiveCfg = Release|x64
		{7C988A41-DD13-43EC-B344-B83D8CCBF140}.Release|x64.Build.0 = Release|x64
	EndGlobalSection
	GlobalSection(SolutionProperties) = preSolution
		HideSolutionNode = FALSE
	EndGlobalSection
	GlobalSection(ExtensibilityGlobals) = postSolution
		SolutionGuid = {1FF47CBF-E147-4DCF-ADF4-2A92712F020B}
	EndGlobalSection
EndGlobal
